
Microsoft Visual Studio Solution File, Format Version 12.00
# Visual Studio Version 16
VisualStudioVersion = 16.0.28803.352
MinimumVisualStudioVersion = 10.0.40219.1
Project("{FAE04EC0-301F-11D3-BF4B-00C04F79EFBC}") = "TimedTask", "TimedTask\TimedTask.csproj", "{846426CD-7BA7-4BE6-82FB-4C6A217EED43}"
EndProject
Project("{FAE04EC0-301F-11D3-BF4B-00C04F79EFBC}") = "QuartzJob", "QuartzJob\QuartzJob.csproj", "{923D58A7-C1ED-426E-919B-86788BA26774}"
EndProject
Global
	GlobalSection(SolutionConfigurationPlatforms) = preSolution
		Debug|Any CPU = Debug|Any CPU
		Release|Any CPU = Release|Any CPU
	EndGlobalSection
	GlobalSection(ProjectConfigurationPlatforms) = postSolution
		{846426CD-7BA7-4BE6-82FB-4C6A217EED43}.Debug|Any CPU.ActiveCfg = Debug|Any CPU
		{846426CD-7BA7-4BE6-82FB-4C6A217EED43}.Debug|Any CPU.Build.0 = Debug|Any CPU
		{846426CD-7BA7-4BE6-82FB-4C6A217EED43}.Release|Any CPU.ActiveCfg = Release|Any CPU
		{846426CD-7BA7-4BE6-82FB-4C6A217EED43}.Release|Any CPU.Build.0 = Release|Any CPU
		{923D58A7-C1ED-426E-919B-86788BA26774}.Debug|Any CPU.ActiveCfg = Debug|Any CPU
		{923D58A7-C1ED-426E-919B-86788BA26774}.Debug|Any CPU.Build.0 = Debug|Any CPU
		{923D58A7-C1ED-426E-919B-86788BA26774}.Release|Any CPU.ActiveCfg = Release|Any CPU
		{923D58A7-C1ED-426E-919B-86788BA26774}.Release|Any CPU.Build.0 = Release|Any CPU
	EndGlobalSection
	GlobalSection(SolutionProperties) = preSolution
		HideSolutionNode = FALSE
	EndGlobalSection
	GlobalSection(ExtensibilityGlobals) = postSolution
		SolutionGuid = {2AB124C0-8B35-43DA-8B80-AD205F6C2843}
	EndGlobalSection
EndGlobal
